// !$*UTF8*$!
{
	archiveVersion = 1;
	classes = {
	};
	objectVersion = 50;
	objects = {

/* Begin PBXBuildFile section */
		065F249F258D35A40085F100 /* AppDelegate.swift in Sources */ = {isa = PBXBuildFile; fileRef = 065F249E258D35A40085F100 /* AppDelegate.swift */; };
		065F24A1258D35A40085F100 /* SceneDelegate.swift in Sources */ = {isa = PBXBuildFile; fileRef = 065F24A0258D35A40085F100 /* SceneDelegate.swift */; };
		065F24A3258D35A40085F100 /* ViewController.swift in Sources */ = {isa = PBXBuildFile; fileRef = 065F24A2258D35A40085F100 /* ViewController.swift */; };
		065F24A6258D35A40085F100 /* Main.storyboard in Resources */ = {isa = PBXBuildFile; fileRef = 065F24A4258D35A40085F100 /* Main.storyboard */; };
		065F24A8258D35A70085F100 /* Assets.xcassets in Resources */ = {isa = PBXBuildFile; fileRef = 065F24A7258D35A70085F100 /* Assets.xcassets */; };
		065F24AB258D35A70085F100 /* LaunchScreen.storyboard in Resources */ = {isa = PBXBuildFile; fileRef = 065F24A9258D35A70085F100 /* LaunchScreen.storyboard */; };
		065F24BA258D37E70085F100 /* EarlGreyV2UITests.swift in Sources */ = {isa = PBXBuildFile; fileRef = 065F24B9258D37E70085F100 /* EarlGreyV2UITests.swift */; };
		065F24E5258D384B0085F100 /* libTestLib.a in Frameworks */ = {isa = PBXBuildFile; fileRef = 065F24D2258D38200085F100 /* libTestLib.a */; };
		065F24ED258D39630085F100 /* AppFramework.framework in Copy Files EarlGreyV2 */ = {isa = PBXBuildFile; fileRef = 065F24D0258D38200085F100 /* AppFramework.framework */; settings = {ATTRIBUTES = (CodeSignOnCopy, ); }; };
		065F24F1258D39A70085F100 /* EarlGrey.swift in Sources */ = {isa = PBXBuildFile; fileRef = 065F24F0258D39A70085F100 /* EarlGrey.swift */; };
		065F250D258D3D3C0085F100 /* AppFramework.framework in Frameworks */ = {isa = PBXBuildFile; fileRef = 065F24D0258D38200085F100 /* AppFramework.framework */; settings = {ATTRIBUTES = (Weak, ); }; };
		065F250F258D3E3E0085F100 /* EarlGreyV2Bundle.bundle in Copy Files EarlGreyV2Bundle */ = {isa = PBXBuildFile; fileRef = 065F2502258D3B480085F100 /* EarlGreyV2Bundle.bundle */; settings = {ATTRIBUTES = (CodeSignOnCopy, ); }; };
/* End PBXBuildFile section */

/* Begin PBXContainerItemProxy section */
		065F24BC258D37E70085F100 /* PBXContainerItemProxy */ = {
			isa = PBXContainerItemProxy;
			containerPortal = 065F2493258D35A40085F100 /* Project object */;
			proxyType = 1;
			remoteGlobalIDString = 065F249A258D35A40085F100;
			remoteInfo = SampleTool;
		};
		065F24CB258D38200085F100 /* PBXContainerItemProxy */ = {
			isa = PBXContainerItemProxy;
			containerPortal = 065F24C3258D38200085F100 /* EarlGrey.xcodeproj */;
			proxyType = 2;
			remoteGlobalIDString = FD62395120F56A9700049E81;
			remoteInfo = CommonLib;
		};
		065F24CD258D38200085F100 /* PBXContainerItemProxy */ = {
			isa = PBXContainerItemProxy;
			containerPortal = 065F24C3258D38200085F100 /* EarlGrey.xcodeproj */;
			proxyType = 2;
			remoteGlobalIDString = FDF9E03520F82D090005DCF2;
			remoteInfo = UILib;
		};
		065F24CF258D38200085F100 /* PBXContainerItemProxy */ = {
			isa = PBXContainerItemProxy;
			containerPortal = 065F24C3258D38200085F100 /* EarlGrey.xcodeproj */;
			proxyType = 2;
			remoteGlobalIDString = FD623A4920F957BE00049E81;
			remoteInfo = AppFramework;
		};
		065F24D1258D38200085F100 /* PBXContainerItemProxy */ = {
			isa = PBXContainerItemProxy;
			containerPortal = 065F24C3258D38200085F100 /* EarlGrey.xcodeproj */;
			proxyType = 2;
			remoteGlobalIDString = FD5048F820FB225100261CBE;
			remoteInfo = TestLib;
		};
		065F250B258D3D160085F100 /* PBXContainerItemProxy */ = {
			isa = PBXContainerItemProxy;
			containerPortal = 065F2493258D35A40085F100 /* Project object */;
			proxyType = 1;
			remoteGlobalIDString = 065F249A258D35A40085F100;
			remoteInfo = SampleTool;
		};
/* End PBXContainerItemProxy section */

/* Begin PBXCopyFilesBuildPhase section */
		065F24EC258D392C0085F100 /* Copy Files EarlGreyV2 */ = {
			isa = PBXCopyFilesBuildPhase;
			buildActionMask = 2147483647;
			dstPath = "$(TARGET_BUILD_DIR)/../../SampleTool.app/Frameworks";
			dstSubfolderSpec = 0;
			files = (
				065F24ED258D39630085F100 /* AppFramework.framework in Copy Files EarlGreyV2 */,
			);
			name = "Copy Files EarlGreyV2";
			runOnlyForDeploymentPostprocessing = 0;
		};
		065F250E258D3E080085F100 /* Copy Files EarlGreyV2Bundle */ = {
			isa = PBXCopyFilesBuildPhase;
			buildActionMask = 12;
			dstPath = "$(TARGET_BUILD_DIR)/../../SampleTool.app/EarlGreyHelperBundles";
			dstSubfolderSpec = 0;
			files = (
				065F250F258D3E3E0085F100 /* EarlGreyV2Bundle.bundle in Copy Files EarlGreyV2Bundle */,
			);
			name = "Copy Files EarlGreyV2Bundle";
			runOnlyForDeploymentPostprocessing = 0;
		};
/* End PBXCopyFilesBuildPhase section */

/* Begin PBXFileReference section */
		065F249B258D35A40085F100 /* SampleTool.app */ = {isa = PBXFileReference; explicitFileType = wrapper.application; includeInIndex = 0; path = SampleTool.app; sourceTree = BUILT_PRODUCTS_DIR; };
		065F249E258D35A40085F100 /* AppDelegate.swift */ = {isa = PBXFileReference; lastKnownFileType = sourcecode.swift; path = AppDelegate.swift; sourceTree = "<group>"; };
		065F24A0258D35A40085F100 /* SceneDelegate.swift */ = {isa = PBXFileReference; lastKnownFileType = sourcecode.swift; path = SceneDelegate.swift; sourceTree = "<group>"; };
		065F24A2258D35A40085F100 /* ViewController.swift */ = {isa = PBXFileReference; lastKnownFileType = sourcecode.swift; path = ViewController.swift; sourceTree = "<group>"; };
		065F24A5258D35A40085F100 /* Base */ = {isa = PBXFileReference; lastKnownFileType = file.storyboard; name = Base; path = Base.lproj/Main.storyboard; sourceTree = "<group>"; };
		065F24A7258D35A70085F100 /* Assets.xcassets */ = {isa = PBXFileReference; lastKnownFileType = folder.assetcatalog; path = Assets.xcassets; sourceTree = "<group>"; };
		065F24AA258D35A70085F100 /* Base */ = {isa = PBXFileReference; lastKnownFileType = file.storyboard; name = Base; path = Base.lproj/LaunchScreen.storyboard; sourceTree = "<group>"; };
		065F24AC258D35A70085F100 /* Info.plist */ = {isa = PBXFileReference; lastKnownFileType = text.plist.xml; path = Info.plist; sourceTree = "<group>"; };
		065F24B7258D37E70085F100 /* EarlGreyV2UITests.xctest */ = {isa = PBXFileReference; explicitFileType = wrapper.cfbundle; includeInIndex = 0; path = EarlGreyV2UITests.xctest; sourceTree = BUILT_PRODUCTS_DIR; };
		065F24B9258D37E70085F100 /* EarlGreyV2UITests.swift */ = {isa = PBXFileReference; lastKnownFileType = sourcecode.swift; path = EarlGreyV2UITests.swift; sourceTree = "<group>"; };
		065F24BB258D37E70085F100 /* Info.plist */ = {isa = PBXFileReference; lastKnownFileType = text.plist.xml; path = Info.plist; sourceTree = "<group>"; };
		065F24C3258D38200085F100 /* EarlGrey.xcodeproj */ = {isa = PBXFileReference; lastKnownFileType = "wrapper.pb-project"; name = EarlGrey.xcodeproj; path = EarlGrey/EarlGrey.xcodeproj; sourceTree = "<group>"; };
		065F24F0258D39A70085F100 /* EarlGrey.swift */ = {isa = PBXFileReference; fileEncoding = 4; lastKnownFileType = sourcecode.swift; name = EarlGrey.swift; path = EarlGrey/TestLib/Swift/EarlGrey.swift; sourceTree = SOURCE_ROOT; };
		065F24F6258D3A0E0085F100 /* EarlGreyV2UITests-Bridging-Header.h */ = {isa = PBXFileReference; lastKnownFileType = sourcecode.c.h; path = "EarlGreyV2UITests-Bridging-Header.h"; sourceTree = "<group>"; };
		065F2502258D3B480085F100 /* EarlGreyV2Bundle.bundle */ = {isa = PBXFileReference; explicitFileType = wrapper.cfbundle; includeInIndex = 0; path = EarlGreyV2Bundle.bundle; sourceTree = BUILT_PRODUCTS_DIR; };
		065F2504258D3B490085F100 /* Info.plist */ = {isa = PBXFileReference; lastKnownFileType = text.plist.xml; path = Info.plist; sourceTree = "<group>"; };
/* End PBXFileReference section */

/* Begin PBXFrameworksBuildPhase section */
		065F2498258D35A40085F100 /* Frameworks */ = {
			isa = PBXFrameworksBuildPhase;
			buildActionMask = 2147483647;
			files = (
			);
			runOnlyForDeploymentPostprocessing = 0;
		};
		065F24B4258D37E70085F100 /* Frameworks */ = {
			isa = PBXFrameworksBuildPhase;
			buildActionMask = 2147483647;
			files = (
				065F24E5258D384B0085F100 /* libTestLib.a in Frameworks */,
			);
			runOnlyForDeploymentPostprocessing = 0;
		};
		065F24FF258D3B480085F100 /* Frameworks */ = {
			isa = PBXFrameworksBuildPhase;
			buildActionMask = 2147483647;
			files = (
				065F250D258D3D3C0085F100 /* AppFramework.framework in Frameworks */,
			);
			runOnlyForDeploymentPostprocessing = 0;
		};
/* End PBXFrameworksBuildPhase section */

/* Begin PBXGroup section */
		065F2492258D35A40085F100 = {
			isa = PBXGroup;
			children = (
				065F24C3258D38200085F100 /* EarlGrey.xcodeproj */,
				065F249D258D35A40085F100 /* SampleTool */,
				065F24B8258D37E70085F100 /* EarlGreyV2UITests */,
				065F2503258D3B490085F100 /* EarlGreyV2Bundle */,
				065F249C258D35A40085F100 /* Products */,
				065F24E4258D384B0085F100 /* Frameworks */,
			);
			sourceTree = "<group>";
		};
		065F249C258D35A40085F100 /* Products */ = {
			isa = PBXGroup;
			children = (
				065F249B258D35A40085F100 /* SampleTool.app */,
				065F24B7258D37E70085F100 /* EarlGreyV2UITests.xctest */,
				065F2502258D3B480085F100 /* EarlGreyV2Bundle.bundle */,
			);
			name = Products;
			sourceTree = "<group>";
		};
		065F249D258D35A40085F100 /* SampleTool */ = {
			isa = PBXGroup;
			children = (
				065F249E258D35A40085F100 /* AppDelegate.swift */,
				065F24A0258D35A40085F100 /* SceneDelegate.swift */,
				065F24A2258D35A40085F100 /* ViewController.swift */,
				065F24A4258D35A40085F100 /* Main.storyboard */,
				065F24A7258D35A70085F100 /* Assets.xcassets */,
				065F24A9258D35A70085F100 /* LaunchScreen.storyboard */,
				065F24AC258D35A70085F100 /* Info.plist */,
			);
			path = SampleTool;
			sourceTree = "<group>";
		};
		065F24B8258D37E70085F100 /* EarlGreyV2UITests */ = {
			isa = PBXGroup;
			children = (
				065F24F0258D39A70085F100 /* EarlGrey.swift */,
				065F24B9258D37E70085F100 /* EarlGreyV2UITests.swift */,
				065F24BB258D37E70085F100 /* Info.plist */,
				065F24F6258D3A0E0085F100 /* EarlGreyV2UITests-Bridging-Header.h */,
			);
			path = EarlGreyV2UITests;
			sourceTree = "<group>";
		};
		065F24C4258D38200085F100 /* Products */ = {
			isa = PBXGroup;
			children = (
				065F24CC258D38200085F100 /* libCommonLib.a */,
				065F24CE258D38200085F100 /* libUILib.a */,
				065F24D0258D38200085F100 /* AppFramework.framework */,
				065F24D2258D38200085F100 /* libTestLib.a */,
			);
			name = Products;
			sourceTree = "<group>";
		};
		065F24E4258D384B0085F100 /* Frameworks */ = {
			isa = PBXGroup;
			children = (
			);
			name = Frameworks;
			sourceTree = "<group>";
		};
		065F2503258D3B490085F100 /* EarlGreyV2Bundle */ = {
			isa = PBXGroup;
			children = (
				065F2504258D3B490085F100 /* Info.plist */,
			);
			path = EarlGreyV2Bundle;
			sourceTree = "<group>";
		};
/* End PBXGroup section */

/* Begin PBXNativeTarget section */
		065F249A258D35A40085F100 /* SampleTool */ = {
			isa = PBXNativeTarget;
			buildConfigurationList = 065F24AF258D35A70085F100 /* Build configuration list for PBXNativeTarget "SampleTool" */;
			buildPhases = (
				065F2497258D35A40085F100 /* Sources */,
				065F2498258D35A40085F100 /* Frameworks */,
				065F2499258D35A40085F100 /* Resources */,
			);
			buildRules = (
			);
			dependencies = (
			);
			name = SampleTool;
			productName = SampleTool;
			productReference = 065F249B258D35A40085F100 /* SampleTool.app */;
			productType = "com.apple.product-type.application";
		};
		065F24B6258D37E70085F100 /* EarlGreyV2UITests */ = {
			isa = PBXNativeTarget;
			buildConfigurationList = 065F24BE258D37E70085F100 /* Build configuration list for PBXNativeTarget "EarlGreyV2UITests" */;
			buildPhases = (
				065F24B3258D37E70085F100 /* Sources */,
				065F24B4258D37E70085F100 /* Frameworks */,
				065F24B5258D37E70085F100 /* Resources */,
				065F24EC258D392C0085F100 /* Copy Files EarlGreyV2 */,
				065F250E258D3E080085F100 /* Copy Files EarlGreyV2Bundle */,
			);
			buildRules = (
			);
			dependencies = (
				065F24BD258D37E70085F100 /* PBXTargetDependency */,
			);
			name = EarlGreyV2UITests;
			productName = EarlGreyV2UITests;
			productReference = 065F24B7258D37E70085F100 /* EarlGreyV2UITests.xctest */;
			productType = "com.apple.product-type.bundle.ui-testing";
		};
		065F2501258D3B480085F100 /* EarlGreyV2Bundle */ = {
			isa = PBXNativeTarget;
			buildConfigurationList = 065F2505258D3B490085F100 /* Build configuration list for PBXNativeTarget "EarlGreyV2Bundle" */;
			buildPhases = (
				065F24FE258D3B480085F100 /* Sources */,
				065F24FF258D3B480085F100 /* Frameworks */,
				065F2500258D3B480085F100 /* Resources */,
			);
			buildRules = (
			);
			dependencies = (
				065F250C258D3D160085F100 /* PBXTargetDependency */,
			);
			name = EarlGreyV2Bundle;
			productName = EarlGreyV2Bundle;
			productReference = 065F2502258D3B480085F100 /* EarlGreyV2Bundle.bundle */;
			productType = "com.apple.product-type.bundle";
		};
/* End PBXNativeTarget section */

/* Begin PBXProject section */
		065F2493258D35A40085F100 /* Project object */ = {
			isa = PBXProject;
			attributes = {
				LastSwiftUpdateCheck = 1200;
				LastUpgradeCheck = 1200;
				TargetAttributes = {
					065F249A258D35A40085F100 = {
						CreatedOnToolsVersion = 12.0.1;
					};
					065F24B6258D37E70085F100 = {
						CreatedOnToolsVersion = 12.0.1;
						LastSwiftMigration = 1200;
						TestTargetID = 065F249A258D35A40085F100;
					};
					065F2501258D3B480085F100 = {
						CreatedOnToolsVersion = 12.0.1;
					};
				};
			};
			buildConfigurationList = 065F2496258D35A40085F100 /* Build configuration list for PBXProject "SampleTool" */;
			compatibilityVersion = "Xcode 9.3";
			developmentRegion = en;
			hasScannedForEncodings = 0;
			knownRegions = (
				en,
				Base,
			);
			mainGroup = 065F2492258D35A40085F100;
			productRefGroup = 065F249C258D35A40085F100 /* Products */;
			projectDirPath = "";
			projectReferences = (
				{
					ProductGroup = 065F24C4258D38200085F100 /* Products */;
					ProjectRef = 065F24C3258D38200085F100 /* EarlGrey.xcodeproj */;
				},
			);
			projectRoot = "";
			targets = (
				065F249A258D35A40085F100 /* SampleTool */,
				065F24B6258D37E70085F100 /* EarlGreyV2UITests */,
				065F2501258D3B480085F100 /* EarlGreyV2Bundle */,
			);
		};
/* End PBXProject section */

/* Begin PBXReferenceProxy section */
		065F24CC258D38200085F100 /* libCommonLib.a */ = {
			isa = PBXReferenceProxy;
			fileType = archive.ar;
			path = libCommonLib.a;
			remoteRef = 065F24CB258D38200085F100 /* PBXContainerItemProxy */;
			sourceTree = BUILT_PRODUCTS_DIR;
		};
		065F24CE258D38200085F100 /* libUILib.a */ = {
			isa = PBXReferenceProxy;
			fileType = archive.ar;
			path = libUILib.a;
			remoteRef = 065F24CD258D38200085F100 /* PBXContainerItemProxy */;
			sourceTree = BUILT_PRODUCTS_DIR;
		};
		065F24D0258D38200085F100 /* AppFramework.framework */ = {
			isa = PBXReferenceProxy;
			fileType = wrapper.framework;
			path = AppFramework.framework;
			remoteRef = 065F24CF258D38200085F100 /* PBXContainerItemProxy */;
			sourceTree = BUILT_PRODUCTS_DIR;
		};
		065F24D2258D38200085F100 /* libTestLib.a */ = {
			isa = PBXReferenceProxy;
			fileType = archive.ar;
			path = libTestLib.a;
			remoteRef = 065F24D1258D38200085F100 /* PBXContainerItemProxy */;
			sourceTree = BUILT_PRODUCTS_DIR;
		};
/* End PBXReferenceProxy section */

/* Begin PBXResourcesBuildPhase section */
		065F2499258D35A40085F100 /* Resources */ = {
			isa = PBXResourcesBuildPhase;
			buildActionMask = 2147483647;
			files = (
				065F24AB258D35A70085F100 /* LaunchScreen.storyboard in Resources */,
				065F24A8258D35A70085F100 /* Assets.xcassets in Resources */,
				065F24A6258D35A40085F100 /* Main.storyboard in Resources */,
			);
			runOnlyForDeploymentPostprocessing = 0;
		};
		065F24B5258D37E70085F100 /* Resources */ = {
			isa = PBXResourcesBuildPhase;
			buildActionMask = 2147483647;
			files = (
			);
			runOnlyForDeploymentPostprocessing = 0;
		};
		065F2500258D3B480085F100 /* Resources */ = {
			isa = PBXResourcesBuildPhase;
			buildActionMask = 2147483647;
			files = (
			);
			runOnlyForDeploymentPostprocessing = 0;
		};
/* End PBXResourcesBuildPhase section */

/* Begin PBXSourcesBuildPhase section */
		065F2497258D35A40085F100 /* Sources */ = {
			isa = PBXSourcesBuildPhase;
			buildActionMask = 2147483647;
			files = (
				065F24A3258D35A40085F100 /* ViewController.swift in Sources */,
				065F249F258D35A40085F100 /* AppDelegate.swift in Sources */,
				065F24A1258D35A40085F100 /* SceneDelegate.swift in Sources */,
			);
			runOnlyForDeploymentPostprocessing = 0;
		};
		065F24B3258D37E70085F100 /* Sources */ = {
			isa = PBXSourcesBuildPhase;
			buildActionMask = 2147483647;
			files = (
				065F24F1258D39A70085F100 /* EarlGrey.swift in Sources */,
				065F24BA258D37E70085F100 /* EarlGreyV2UITests.swift in Sources */,
			);
			runOnlyForDeploymentPostprocessing = 0;
		};
		065F24FE258D3B480085F100 /* Sources */ = {
			isa = PBXSourcesBuildPhase;
			buildActionMask = 2147483647;
			files = (
			);
			runOnlyForDeploymentPostprocessing = 0;
		};
/* End PBXSourcesBuildPhase section */

/* Begin PBXTargetDependency section */
		065F24BD258D37E70085F100 /* PBXTargetDependency */ = {
			isa = PBXTargetDependency;
			target = 065F249A258D35A40085F100 /* SampleTool */;
			targetProxy = 065F24BC258D37E70085F100 /* PBXContainerItemProxy */;
		};
		065F250C258D3D160085F100 /* PBXTargetDependency */ = {
			isa = PBXTargetDependency;
			target = 065F249A258D35A40085F100 /* SampleTool */;
			targetProxy = 065F250B258D3D160085F100 /* PBXContainerItemProxy */;
		};
/* End PBXTargetDependency section */

/* Begin PBXVariantGroup section */
		065F24A4258D35A40085F100 /* Main.storyboard */ = {
			isa = PBXVariantGroup;
			children = (
				065F24A5258D35A40085F100 /* Base */,
			);
			name = Main.storyboard;
			sourceTree = "<group>";
		};
		065F24A9258D35A70085F100 /* LaunchScreen.storyboard */ = {
			isa = PBXVariantGroup;
			children = (
				065F24AA258D35A70085F100 /* Base */,
			);
			name = LaunchScreen.storyboard;
			sourceTree = "<group>";
		};
/* End PBXVariantGroup section */

/* Begin XCBuildConfiguration section */
		065F24AD258D35A70085F100 /* Debug */ = {
			isa = XCBuildConfiguration;
			buildSettings = {
				ALWAYS_SEARCH_USER_PATHS = NO;
				CLANG_ANALYZER_NONNULL = YES;
				CLANG_ANALYZER_NUMBER_OBJECT_CONVERSION = YES_AGGRESSIVE;
				CLANG_CXX_LANGUAGE_STANDARD = "gnu++14";
				CLANG_CXX_LIBRARY = "libc++";
				CLANG_ENABLE_MODULES = YES;
				CLANG_ENABLE_OBJC_ARC = YES;
				CLANG_ENABLE_OBJC_WEAK = YES;
				CLANG_WARN_BLOCK_CAPTURE_AUTORELEASING = YES;
				CLANG_WARN_BOOL_CONVERSION = YES;
				CLANG_WARN_COMMA = YES;
				CLANG_WARN_CONSTANT_CONVERSION = YES;
				CLANG_WARN_DEPRECATED_OBJC_IMPLEMENTATIONS = YES;
				CLANG_WARN_DIRECT_OBJC_ISA_USAGE = YES_ERROR;
				CLANG_WARN_DOCUMENTATION_COMMENTS = YES;
				CLANG_WARN_EMPTY_BODY = YES;
				CLANG_WARN_ENUM_CONVERSION = YES;
				CLANG_WARN_INFINITE_RECURSION = YES;
				CLANG_WARN_INT_CONVERSION = YES;
				CLANG_WARN_NON_LITERAL_NULL_CONVERSION = YES;
				CLANG_WARN_OBJC_IMPLICIT_RETAIN_SELF = YES;
				CLANG_WARN_OBJC_LITERAL_CONVERSION = YES;
				CLANG_WARN_OBJC_ROOT_CLASS = YES_ERROR;
				CLANG_WARN_QUOTED_INCLUDE_IN_FRAMEWORK_HEADER = YES;
				CLANG_WARN_RANGE_LOOP_ANALYSIS = YES;
				CLANG_WARN_STRICT_PROTOTYPES = YES;
				CLANG_WARN_SUSPICIOUS_MOVE = YES;
				CLANG_WARN_UNGUARDED_AVAILABILITY = YES_AGGRESSIVE;
				CLANG_WARN_UNREACHABLE_CODE = YES;
				CLANG_WARN__DUPLICATE_METHOD_MATCH = YES;
				COPY_PHASE_STRIP = NO;
				DEBUG_INFORMATION_FORMAT = dwarf;
				ENABLE_STRICT_OBJC_MSGSEND = YES;
				ENABLE_TESTABILITY = YES;
				GCC_C_LANGUAGE_STANDARD = gnu11;
				GCC_DYNAMIC_NO_PIC = NO;
				GCC_NO_COMMON_BLOCKS = YES;
				GCC_OPTIMIZATION_LEVEL = 0;
				GCC_PREPROCESSOR_DEFINITIONS = (
					"DEBUG=1",
					"$(inherited)",
				);
				GCC_WARN_64_TO_32_BIT_CONVERSION = YES;
				GCC_WARN_ABOUT_RETURN_TYPE = YES_ERROR;
				GCC_WARN_UNDECLARED_SELECTOR = YES;
				GCC_WARN_UNINITIALIZED_AUTOS = YES_AGGRESSIVE;
				GCC_WARN_UNUSED_FUNCTION = YES;
				GCC_WARN_UNUSED_VARIABLE = YES;
				IPHONEOS_DEPLOYMENT_TARGET = 14.0;
				MTL_ENABLE_DEBUG_INFO = INCLUDE_SOURCE;
				MTL_FAST_MATH = YES;
				ONLY_ACTIVE_ARCH = YES;
				SDKROOT = iphoneos;
				SWIFT_ACTIVE_COMPILATION_CONDITIONS = DEBUG;
				SWIFT_OPTIMIZATION_LEVEL = "-Onone";
			};
			name = Debug;
		};
		065F24AE258D35A70085F100 /* Release */ = {
			isa = XCBuildConfiguration;
			buildSettings = {
				ALWAYS_SEARCH_USER_PATHS = NO;
				CLANG_ANALYZER_NONNULL = YES;
				CLANG_ANALYZER_NUMBER_OBJECT_CONVERSION = YES_AGGRESSIVE;
				CLANG_CXX_LANGUAGE_STANDARD = "gnu++14";
				CLANG_CXX_LIBRARY = "libc++";
				CLANG_ENABLE_MODULES = YES;
				CLANG_ENABLE_OBJC_ARC = YES;
				CLANG_ENABLE_OBJC_WEAK = YES;
				CLANG_WARN_BLOCK_CAPTURE_AUTORELEASING = YES;
				CLANG_WARN_BOOL_CONVERSION = YES;
				CLANG_WARN_COMMA = YES;
				CLANG_WARN_CONSTANT_CONVERSION = YES;
				CLANG_WARN_DEPRECATED_OBJC_IMPLEMENTATIONS = YES;
				CLANG_WARN_DIRECT_OBJC_ISA_USAGE = YES_ERROR;
				CLANG_WARN_DOCUMENTATION_COMMENTS = YES;
				CLANG_WARN_EMPTY_BODY = YES;
				CLANG_WARN_ENUM_CONVERSION = YES;
				CLANG_WARN_INFINITE_RECURSION = YES;
				CLANG_WARN_INT_CONVERSION = YES;
				CLANG_WARN_NON_LITERAL_NULL_CONVERSION = YES;
				CLANG_WARN_OBJC_IMPLICIT_RETAIN_SELF = YES;
				CLANG_WARN_OBJC_LITERAL_CONVERSION = YES;
				CLANG_WARN_OBJC_ROOT_CLASS = YES_ERROR;
				CLANG_WARN_QUOTED_INCLUDE_IN_FRAMEWORK_HEADER = YES;
				CLANG_WARN_RANGE_LOOP_ANALYSIS = YES;
				CLANG_WARN_STRICT_PROTOTYPES = YES;
				CLANG_WARN_SUSPICIOUS_MOVE = YES;
				CLANG_WARN_UNGUARDED_AVAILABILITY = YES_AGGRESSIVE;
				CLANG_WARN_UNREACHABLE_CODE = YES;
				CLANG_WARN__DUPLICATE_METHOD_MATCH = YES;
				COPY_PHASE_STRIP = NO;
				DEBUG_INFORMATION_FORMAT = "dwarf-with-dsym";
				ENABLE_NS_ASSERTIONS = NO;
				ENABLE_STRICT_OBJC_MSGSEND = YES;
				GCC_C_LANGUAGE_STANDARD = gnu11;
				GCC_NO_COMMON_BLOCKS = YES;
				GCC_WARN_64_TO_32_BIT_CONVERSION = YES;
				GCC_WARN_ABOUT_RETURN_TYPE = YES_ERROR;
				GCC_WARN_UNDECLARED_SELECTOR = YES;
				GCC_WARN_UNINITIALIZED_AUTOS = YES_AGGRESSIVE;
				GCC_WARN_UNUSED_FUNCTION = YES;
				GCC_WARN_UNUSED_VARIABLE = YES;
				IPHONEOS_DEPLOYMENT_TARGET = 14.0;
				MTL_ENABLE_DEBUG_INFO = NO;
				MTL_FAST_MATH = YES;
				SDKROOT = iphoneos;
				SWIFT_COMPILATION_MODE = wholemodule;
				SWIFT_OPTIMIZATION_LEVEL = "-O";
				VALIDATE_PRODUCT = YES;
			};
			name = Release;
		};
		065F24B0258D35A70085F100 /* Debug */ = {
			isa = XCBuildConfiguration;
			buildSettings = {
				ASSETCATALOG_COMPILER_APPICON_NAME = AppIcon;
				ASSETCATALOG_COMPILER_GLOBAL_ACCENT_COLOR_NAME = AccentColor;
				CODE_SIGN_STYLE = Automatic;
				INFOPLIST_FILE = SampleTool/Info.plist;
				LD_RUNPATH_SEARCH_PATHS = (
					"$(inherited)",
					"@executable_path/Frameworks",
				);
				PRODUCT_BUNDLE_IDENTIFIER = darius.sabaliauskas.SampleTool;
				PRODUCT_NAME = "$(TARGET_NAME)";
				SWIFT_VERSION = 5.0;
				TARGETED_DEVICE_FAMILY = "1,2";
			};
			name = Debug;
		};
		065F24B1258D35A70085F100 /* Release */ = {
			isa = XCBuildConfiguration;
			buildSettings = {
				ASSETCATALOG_COMPILER_APPICON_NAME = AppIcon;
				ASSETCATALOG_COMPILER_GLOBAL_ACCENT_COLOR_NAME = AccentColor;
				CODE_SIGN_STYLE = Automatic;
				INFOPLIST_FILE = SampleTool/Info.plist;
				LD_RUNPATH_SEARCH_PATHS = (
					"$(inherited)",
					"@executable_path/Frameworks",
				);
				PRODUCT_BUNDLE_IDENTIFIER = darius.sabaliauskas.SampleTool;
				PRODUCT_NAME = "$(TARGET_NAME)";
				SWIFT_VERSION = 5.0;
				TARGETED_DEVICE_FAMILY = "1,2";
			};
			name = Release;
		};
		065F24BF258D37E70085F100 /* Debug */ = {
			isa = XCBuildConfiguration;
			buildSettings = {
				CLANG_ENABLE_MODULES = YES;
				CODE_SIGN_STYLE = Automatic;
				INFOPLIST_FILE = EarlGreyV2UITests/Info.plist;
				LD_RUNPATH_SEARCH_PATHS = (
					"$(inherited)",
					"@executable_path/Frameworks",
					"@loader_path/Frameworks",
				);
				OTHER_LDFLAGS = "-ObjC";
				PRODUCT_BUNDLE_IDENTIFIER = darius.sabaliauskas.EarlGreyV2UITests;
				PRODUCT_NAME = "$(TARGET_NAME)";
				SWIFT_OBJC_BRIDGING_HEADER = "EarlGreyV2UITests/EarlGreyV2UITests-Bridging-Header.h";
				SWIFT_OPTIMIZATION_LEVEL = "-Onone";
				SWIFT_VERSION = 5.0;
				TARGETED_DEVICE_FAMILY = "1,2";
				TEST_TARGET_NAME = SampleTool;
				USER_HEADER_SEARCH_PATHS = (
					"$(SRCROOT)/EarlGrey/**",
					"$(SRCROOT)/EarlGreyV2Bundle/**",
				);
			};
			name = Debug;
		};
		065F24C0258D37E70085F100 /* Release */ = {
			isa = XCBuildConfiguration;
			buildSettings = {
				CLANG_ENABLE_MODULES = YES;
				CODE_SIGN_STYLE = Automatic;
				INFOPLIST_FILE = EarlGreyV2UITests/Info.plist;
				LD_RUNPATH_SEARCH_PATHS = (
					"$(inherited)",
					"@executable_path/Frameworks",
					"@loader_path/Frameworks",
				);
				OTHER_LDFLAGS = "-ObjC";
				PRODUCT_BUNDLE_IDENTIFIER = darius.sabaliauskas.EarlGreyV2UITests;
				PRODUCT_NAME = "$(TARGET_NAME)";
				SWIFT_OBJC_BRIDGING_HEADER = "EarlGreyV2UITests/EarlGreyV2UITests-Bridging-Header.h";
				SWIFT_VERSION = 5.0;
				TARGETED_DEVICE_FAMILY = "1,2";
				TEST_TARGET_NAME = SampleTool;
				USER_HEADER_SEARCH_PATHS = (
					"$(SRCROOT)/EarlGrey/**",
					"$(SRCROOT)/EarlGreyV2Bundle/**",
				);
			};
			name = Release;
		};
		065F2506258D3B490085F100 /* Debug */ = {
			isa = XCBuildConfiguration;
			buildSettings = {
				BUNDLE_LOADER = "$(TARGET_BUILD_DIR)/SampleTool.app/SampleTool";
				CODE_SIGN_STYLE = Automatic;
				COMBINE_HIDPI_IMAGES = YES;
				INFOPLIST_FILE = EarlGreyV2Bundle/Info.plist;
				INSTALL_PATH = "$(LOCAL_LIBRARY_DIR)/Bundles";
				LD_RUNPATH_SEARCH_PATHS = "@loader_path/Frameworks";
				MACOSX_DEPLOYMENT_TARGET = 10.15;
				OTHER_LDFLAGS = "-ObjC";
				PRODUCT_BUNDLE_IDENTIFIER = darius.sabaliauskas.EarlGreyV2Bundle;
				PRODUCT_NAME = "$(TARGET_NAME)";
				SDKROOT = iphoneos;
				SKIP_INSTALL = YES;
				USER_HEADER_SEARCH_PATHS = (
					"$(SRCROOT)/EarlGrey/**",
					"$(SRCROOT)/EarlGreyV2Bundle/**",
				);
				WRAPPER_EXTENSION = bundle;
			};
			name = Debug;
		};
		065F2507258D3B490085F100 /* Release */ = {
			isa = XCBuildConfiguration;
			buildSettings = {
				BUNDLE_LOADER = "$(TARGET_BUILD_DIR)/SampleTool.app/SampleTool";
				CODE_SIGN_STYLE = Automatic;
				COMBINE_HIDPI_IMAGES = YES;
				INFOPLIST_FILE = EarlGreyV2Bundle/Info.plist;
				INSTALL_PATH = "$(LOCAL_LIBRARY_DIR)/Bundles";
				LD_RUNPATH_SEARCH_PATHS = "@loader_path/Frameworks";
				MACOSX_DEPLOYMENT_TARGET = 10.15;
				OTHER_LDFLAGS = "-ObjC";
				PRODUCT_BUNDLE_IDENTIFIER = darius.sabaliauskas.EarlGreyV2Bundle;
				PRODUCT_NAME = "$(TARGET_NAME)";
				SDKROOT = iphoneos;
				SKIP_INSTALL = YES;
				USER_HEADER_SEARCH_PATHS = (
					"$(SRCROOT)/EarlGrey/**",
					"$(SRCROOT)/EarlGreyV2Bundle/**",
				);
				WRAPPER_EXTENSION = bundle;
			};
			name = Release;
		};
/* End XCBuildConfiguration section */

/* Begin XCConfigurationList section */
		065F2496258D35A40085F100 /* Build configuration list for PBXProject "SampleTool" */ = {
			isa = XCConfigurationList;
			buildConfigurations = (
				065F24AD258D35A70085F100 /* Debug */,
				065F24AE258D35A70085F100 /* Release */,
			);
			defaultConfigurationIsVisible = 0;
			defaultConfigurationName = Release;
		};
		065F24AF258D35A70085F100 /* Build configuration list for PBXNativeTarget "SampleTool" */ = {
			isa = XCConfigurationList;
			buildConfigurations = (
				065F24B0258D35A70085F100 /* Debug */,
				065F24B1258D35A70085F100 /* Release */,
			);
			defaultConfigurationIsVisible = 0;
			defaultConfigurationName = Release;
		};
		065F24BE258D37E70085F100 /* Build configuration list for PBXNativeTarget "EarlGreyV2UITests" */ = {
			isa = XCConfigurationList;
			buildConfigurations = (
				065F24BF258D37E70085F100 /* Debug */,
				065F24C0258D37E70085F100 /* Release */,
			);
			defaultConfigurationIsVisible = 0;
			defaultConfigurationName = Release;
		};
		065F2505258D3B490085F100 /* Build configuration list for PBXNativeTarget "EarlGreyV2Bundle" */ = {
			isa = XCConfigurationList;
			buildConfigurations = (
				065F2506258D3B490085F100 /* Debug */,
				065F2507258D3B490085F100 /* Release */,
			);
			defaultConfigurationIsVisible = 0;
			defaultConfigurationName = Release;
		};
/* End XCConfigurationList section */
	};
	rootObject = 065F2493258D35A40085F100 /* Project object */;
}
